// !$*UTF8*$!
{
	archiveVersion = 1;
	classes = {
	};
	objectVersion = 56;
	objects = {

/* Begin PBXBuildFile section */
		3F21C6FE2DC4901700CCEF9C /* ExampleNativeIOSAppApp.swift in Sources */ = {isa = PBXBuildFile; fileRef = 3F21C6FD2DC4901700CCEF9C /* ExampleNativeIOSAppApp.swift */; };
		3F21C7002DC4901700CCEF9C /* ContentView.swift in Sources */ = {isa = PBXBuildFile; fileRef = 3F21C6FF2DC4901700CCEF9C /* ContentView.swift */; };
		3F21C7022DC4901700CCEF9C /* Item.swift in Sources */ = {isa = PBXBuildFile; fileRef = 3F21C7012DC4901700CCEF9C /* Item.swift */; };
		3F21C7042DC4901800CCEF9C /* Assets.xcassets in Resources */ = {isa = PBXBuildFile; fileRef = 3F21C7032DC4901800CCEF9C /* Assets.xcassets */; };
		3F21C7072DC4901800CCEF9C /* Preview Assets.xcassets in Resources */ = {isa = PBXBuildFile; fileRef = 3F21C7062DC4901800CCEF9C /* Preview Assets.xcassets */; };
		3F21C70E2DC4923C00CCEF9C /* ContentViewModal.swift in Sources */ = {isa = PBXBuildFile; fileRef = 3F21C70D2DC4923C00CCEF9C /* ContentViewModal.swift */; };
		3F21C7172DC4A00000CCEF9C /* AdgeistAdvertiserSDK.framework in Frameworks */ = {isa = PBXBuildFile; fileRef = 3F21C7142DC4A00000CCEF9C /* AdgeistAdvertiserSDK.framework */; };
		38CD4E8F2F75324A009AE026 /* AdgeistAdvertiserSDK.framework in Embed Frameworks */ = {isa = PBXBuildFile; fileRef = 38CD4E8E2F75324A009AE026 /* AdgeistAdvertiserSDK.framework */; settings = {ATTRIBUTES = (CodeSignOnCopy, RemoveHeadersOnCopy, ); }; };
/* End PBXBuildFile section */

/* Begin PBXContainerItemProxy section */
		38CD4E8D2F75324A009AE026 /* PBXContainerItemProxy */ = {
			isa = PBXContainerItemProxy;
			containerPortal = 3F21C7112DC4A00000CCEF9C /* AdgeistAdvertiserSDK.xcodeproj */;
			proxyType = 2;
			remoteGlobalIDString = 3F21C6E72DC48FC100CCEF9C;
			remoteInfo = AdgeistAdvertiserSDK;
		};
		3F21C7132DC4A00000CCEF9C /* PBXContainerItemProxy */ = {
			isa = PBXContainerItemProxy;
			containerPortal = 3F21C7112DC4A00000CCEF9C /* AdgeistAdvertiserSDK.xcodeproj */;
			proxyType = 2;
			remoteGlobalIDString = 3F21C6E72DC48FC100CCEF9C;
			remoteInfo = AdgeistAdvertiserSDK;
		};
		3F21C7152DC4A00000CCEF9C /* PBXContainerItemProxy */ = {
			isa = PBXContainerItemProxy;
			containerPortal = 3F21C7112DC4A00000CCEF9C /* AdgeistAdvertiserSDK.xcodeproj */;
			proxyType = 1;
			remoteGlobalIDString = 3F21C6E62DC48FC100CCEF9C;
			remoteInfo = AdgeistAdvertiserSDK;
		};
/* End PBXContainerItemProxy section */

/* Begin PBXFileReference section */
		3F21C6FA2DC4901700CCEF9C /* ExampleNativeIOSApp.app */ = {isa = PBXFileReference; explicitFileType = wrapper.application; includeInIndex = 0; path = ExampleNativeIOSApp.app; sourceTree = BUILT_PRODUCTS_DIR; };
		3F21C6FD2DC4901700CCEF9C /* ExampleNativeIOSAppApp.swift */ = {isa = PBXFileReference; lastKnownFileType = sourcecode.swift; path = ExampleNativeIOSAppApp.swift; sourceTree = "<group>"; };
		3F21C6FF2DC4901700CCEF9C /* ContentView.swift */ = {isa = PBXFileReference; lastKnownFileType = sourcecode.swift; path = ContentView.swift; sourceTree = "<group>"; };
		3F21C7012DC4901700CCEF9C /* Item.swift */ = {isa = PBXFileReference; lastKnownFileType = sourcecode.swift; path = Item.swift; sourceTree = "<group>"; };
		3F21C7032DC4901800CCEF9C /* Assets.xcassets */ = {isa = PBXFileReference; lastKnownFileType = folder.assetcatalog; path = Assets.xcassets; sourceTree = "<group>"; };
		3F21C7062DC4901800CCEF9C /* Preview Assets.xcassets */ = {isa = PBXFileReference; lastKnownFileType = folder.assetcatalog; path = "Preview Assets.xcassets"; sourceTree = "<group>"; };
		3F21C70D2DC4923C00CCEF9C /* ContentViewModal.swift */ = {isa = PBXFileReference; lastKnownFileType = sourcecode.swift; path = ContentViewModal.swift; sourceTree = "<group>"; };
		3F21C7102DC4950000CCEF9C /* Info.plist */ = {isa = PBXFileReference; lastKnownFileType = text.plist.xml; path = Info.plist; sourceTree = "<group>"; };
		3F21C7112DC4A00000CCEF9C /* AdgeistAdvertiserSDK.xcodeproj */ = {isa = PBXFileReference; lastKnownFileType = "wrapper.pb-project"; name = AdgeistAdvertiserSDK.xcodeproj; path = ../AdgeistAdvertiserSDK/AdgeistAdvertiserSDK.xcodeproj; sourceTree = "<group>"; };
/* End PBXFileReference section */

/* Begin PBXFrameworksBuildPhase section */
		3F21C6F72DC4901700CCEF9C /* Frameworks */ = {
			isa = PBXFrameworksBuildPhase;
			buildActionMask = 2147483647;
			files = (
				3F21C7172DC4A00000CCEF9C /* AdgeistAdvertiserSDK.framework in Frameworks */,
			);
			runOnlyForDeploymentPostprocessing = 0;
		};
/* End PBXFrameworksBuildPhase section */

/* Begin PBXGroup section */
		38CD4E892F75324A009AE026 /* Recovered References */ = {
			isa = PBXGroup;
			children = (
				3F21C7142DC4A00000CCEF9C /* AdgeistAdvertiserSDK.framework */,
			);
			name = "Recovered References";
			sourceTree = "<group>";
		};
		38CD4E8A2F75324A009AE026 /* Products */ = {
			isa = PBXGroup;
			children = (
				38CD4E8E2F75324A009AE026 /* AdgeistAdvertiserSDK.framework */,
			);
			name = Products;
			sourceTree = "<group>";
		};
		3F21C6F12DC4901600CCEF9C = {
			isa = PBXGroup;
			children = (
				3F21C6FC2DC4901700CCEF9C /* ExampleNativeIOSApp */,
				3F21C6FB2DC4901700CCEF9C /* Products */,
				3F21C7112DC4A00000CCEF9C /* AdgeistAdvertiserSDK.xcodeproj */,
				38CD4E892F75324A009AE026 /* Recovered References */,
			);
			sourceTree = "<group>";
		};
		3F21C6FB2DC4901700CCEF9C /* Products */ = {
			isa = PBXGroup;
			children = (
				3F21C6FA2DC4901700CCEF9C /* ExampleNativeIOSApp.app */,
			);
			name = Products;
			sourceTree = "<group>";
		};
		3F21C6FC2DC4901700CCEF9C /* ExampleNativeIOSApp */ = {
			isa = PBXGroup;
			children = (
				3F21C6FD2DC4901700CCEF9C /* ExampleNativeIOSAppApp.swift */,
				3F21C6FF2DC4901700CCEF9C /* ContentView.swift */,
				3F21C70D2DC4923C00CCEF9C /* ContentViewModal.swift */,
				3F21C7012DC4901700CCEF9C /* Item.swift */,
				3F21C7102DC4950000CCEF9C /* Info.plist */,
				3F21C7032DC4901800CCEF9C /* Assets.xcassets */,
				3F21C7052DC4901800CCEF9C /* Preview Content */,
			);
			path = ExampleNativeIOSApp;
			sourceTree = "<group>";
		};
		3F21C7052DC4901800CCEF9C /* Preview Content */ = {
			isa = PBXGroup;
			children = (
				3F21C7062DC4901800CCEF9C /* Preview Assets.xcassets */,
			);
			path = "Preview Content";
			sourceTree = "<group>";
		};
/* End PBXGroup section */

/* Begin PBXNativeTarget section */
		3F21C6F92DC4901700CCEF9C /* ExampleNativeIOSApp */ = {
			isa = PBXNativeTarget;
			buildConfigurationList = 3F21C70A2DC4901800CCEF9C /* Build configuration list for PBXNativeTarget "ExampleNativeIOSApp" */;
			buildPhases = (
				3F21C6F62DC4901700CCEF9C /* Sources */,
				3F21C6F72DC4901700CCEF9C /* Frameworks */,
				3F21C6F82DC4901700CCEF9C /* Resources */,
				38CD4E902F75324A009AE026 /* Embed Frameworks */,
			);
			buildRules = (
			);
			dependencies = (
				3F21C7162DC4A00000CCEF9C /* PBXTargetDependency */,
			);
			name = ExampleNativeIOSApp;
			productName = ExampleNativeIOSApp;
			productReference = 3F21C6FA2DC4901700CCEF9C /* ExampleNativeIOSApp.app */;
			productType = "com.apple.product-type.application";
		};
/* End PBXNativeTarget section */

/* Begin PBXProject section */
		3F21C6F22DC4901600CCEF9C /* Project object */ = {
			isa = PBXProject;
			attributes = {
				BuildIndependentTargetsInParallel = 1;
				LastSwiftUpdateCheck = 1530;
				LastUpgradeCheck = 1530;
				TargetAttributes = {
					3F21C6F92DC4901700CCEF9C = {
						CreatedOnToolsVersion = 15.3;
					};
				};
			};
			buildConfigurationList = 3F21C6F52DC4901600CCEF9C /* Build configuration list for PBXProject "ExampleNativeIOSApp" */;
			compatibilityVersion = "Xcode 14.0";
			developmentRegion = en;
			hasScannedForEncodings = 0;
			knownRegions = (
				en,
				Base,
			);
			mainGroup = 3F21C6F12DC4901600CCEF9C;
			productRefGroup = 3F21C6FB2DC4901700CCEF9C /* Products */;
			projectDirPath = "";
			projectReferences = (
				{
					ProductGroup = 38CD4E8A2F75324A009AE026 /* Products */;
					ProjectRef = 3F21C7112DC4A00000CCEF9C /* AdgeistAdvertiserSDK.xcodeproj */;
				},
			);
			projectRoot = "";
			targets = (
				3F21C6F92DC4901700CCEF9C /* ExampleNativeIOSApp */,
			);
		};
/* End PBXProject section */

/* Begin PBXReferenceProxy section */
		38CD4E8E2F75324A009AE026 /* AdgeistAdvertiserSDK.framework */ = {
			isa = PBXReferenceProxy;
			fileType = wrapper.framework;
			path = AdgeistAdvertiserSDK.framework;
			remoteRef = 38CD4E8D2F75324A009AE026 /* PBXContainerItemProxy */;
			sourceTree = BUILT_PRODUCTS_DIR;
		};
		3F21C7142DC4A00000CCEF9C /* AdgeistAdvertiserSDK.framework */ = {
			isa = PBXReferenceProxy;
			fileType = wrapper.framework;
			path = AdgeistAdvertiserSDK.framework;
			remoteRef = 3F21C7132DC4A00000CCEF9C /* PBXContainerItemProxy */;
			sourceTree = BUILT_PRODUCTS_DIR;
		};
/* End PBXReferenceProxy section */

/* Begin PBXResourcesBuildPhase section */
		3F21C6F82DC4901700CCEF9C /* Resources */ = {
			isa = PBXResourcesBuildPhase;
			buildActionMask = 2147483647;
			files = (
				3F21C7072DC4901800CCEF9C /* Preview Assets.xcassets in Resources */,
				3F21C7042DC4901800CCEF9C /* Assets.xcassets in Resources */,
			);
			runOnlyForDeploymentPostprocessing = 0;
		};
/* End PBXResourcesBuildPhase section */

/* Begin PBXCopyFilesBuildPhase section */
		38CD4E902F75324A009AE026 /* Embed Frameworks */ = {
			isa = PBXCopyFilesBuildPhase;
			buildActionMask = 2147483647;
			dstPath = "";
			dstSubfolderSpec = 10;
			files = (
				38CD4E8F2F75324A009AE026 /* AdgeistAdvertiserSDK.framework in Embed Frameworks */,
			);
			name = "Embed Frameworks";
			runOnlyForDeploymentPostprocessing = 0;
		};
/* End PBXCopyFilesBuildPhase section */

/* Begin PBXSourcesBuildPhase section */
		3F21C6F62DC4901700CCEF9C /* Sources */ = {
			isa = PBXSourcesBuildPhase;
			buildActionMask = 2147483647;
			files = (
				3F21C70E2DC4923C00CCEF9C /* ContentViewModal.swift in Sources */,
				3F21C7002DC4901700CCEF9C /* ContentView.swift in Sources */,
				3F21C7022DC4901700CCEF9C /* Item.swift in Sources */,
				3F21C6FE2DC4901700CCEF9C /* ExampleNativeIOSAppApp.swift in Sources */,
			);
			runOnlyForDeploymentPostprocessing = 0;
		};
/* End PBXSourcesBuildPhase section */

/* Begin PBXTargetDependency section */
		3F21C7162DC4A00000CCEF9C /* PBXTargetDependency */ = {
			isa = PBXTargetDependency;
			name = AdgeistAdvertiserSDK;
			targetProxy = 3F21C7152DC4A00000CCEF9C /* PBXContainerItemProxy */;
		};
/* End PBXTargetDependency section */

/* Begin XCBuildConfiguration section */
		3F21C7082DC4901800CCEF9C /* Debug */ = {
			isa = XCBuildConfiguration;
			buildSettings = {
				ALWAYS_SEARCH_USER_PATHS = NO;
				ASSETCATALOG_COMPILER_GENERATE_SWIFT_ASSET_SYMBOL_EXTENSIONS = YES;
				CLANG_ANALYZER_NONNULL = YES;
				CLANG_ANALYZER_NUMBER_OBJECT_CONVERSION = YES_AGGRESSIVE;
				CLANG_CXX_LANGUAGE_STANDARD = "gnu++20";
				CLANG_ENABLE_MODULES = YES;
				CLANG_ENABLE_OBJC_ARC = YES;
				CLANG_ENABLE_OBJC_WEAK = YES;
				CLANG_WARN_BLOCK_CAPTURE_AUTORELEASING = YES;
				CLANG_WARN_BOOL_CONVERSION = YES;
				CLANG_WARN_COMMA = YES;
				CLANG_WARN_CONSTANT_CONVERSION = YES;
				CLANG_WARN_DEPRECATED_OBJC_IMPLEMENTATIONS = YES;
				CLANG_WARN_DIRECT_OBJC_ISA_USAGE = YES_ERROR;
				CLANG_WARN_DOCUMENTATION_COMMENTS = YES;
				CLANG_WARN_EMPTY_BODY = YES;
				CLANG_WARN_ENUM_CONVERSION = YES;
				CLANG_WARN_INFINITE_RECURSION = YES;
				CLANG_WARN_INT_CONVERSION = YES;
				CLANG_WARN_NON_LITERAL_NULL_CONVERSION = YES;
				CLANG_WARN_OBJC_IMPLICIT_RETAIN_SELF = YES;
				CLANG_WARN_OBJC_LITERAL_CONVERSION = YES;
				CLANG_WARN_OBJC_ROOT_CLASS = YES_ERROR;
				CLANG_WARN_QUOTED_INCLUDE_IN_FRAMEWORK_HEADER = YES;
				CLANG_WARN_RANGE_LOOP_ANALYSIS = YES;
				CLANG_WARN_STRICT_PROTOTYPES = YES;
				CLANG_WARN_SUSPICIOUS_MOVE = YES;
				CLANG_WARN_UNGUARDED_AVAILABILITY = YES_AGGRESSIVE;
				CLANG_WARN_UNREACHABLE_CODE = YES;
				CLANG_WARN__DUPLICATE_METHOD_MATCH = YES;
				COPY_PHASE_STRIP = NO;
				DEBUG_INFORMATION_FORMAT = dwarf;
				ENABLE_STRICT_OBJC_MSGSEND = YES;
				ENABLE_TESTABILITY = YES;
				ENABLE_USER_SCRIPT_SANDBOXING = YES;
				GCC_C_LANGUAGE_STANDARD = gnu17;
				GCC_DYNAMIC_NO_PIC = NO;
				GCC_NO_COMMON_BLOCKS = YES;
				GCC_OPTIMIZATION_LEVEL = 0;
				GCC_PREPROCESSOR_DEFINITIONS = (
					"DEBUG=1",
					"$(inherited)",
				);
				GCC_WARN_64_TO_32_BIT_CONVERSION = YES;
				GCC_WARN_ABOUT_RETURN_TYPE = YES_ERROR;
				GCC_WARN_UNDECLARED_SELECTOR = YES;
				GCC_WARN_UNINITIALIZED_AUTOS = YES_AGGRESSIVE;
				GCC_WARN_UNUSED_FUNCTION = YES;
				GCC_WARN_UNUSED_VARIABLE = YES;
				IPHONEOS_DEPLOYMENT_TARGET = 17.4;
				LOCALIZATION_PREFERS_STRING_CATALOGS = YES;
				MTL_ENABLE_DEBUG_INFO = INCLUDE_SOURCE;
				MTL_FAST_MATH = YES;
				ONLY_ACTIVE_ARCH = YES;
				SDKROOT = iphoneos;
				SWIFT_ACTIVE_COMPILATION_CONDITIONS = "DEBUG $(inherited)";
				SWIFT_OPTIMIZATION_LEVEL = "-Onone";
			};
			name = Debug;
		};
		3F21C7092DC4901800CCEF9C /* Release */ = {
			isa = XCBuildConfiguration;
			buildSettings = {
				ALWAYS_SEARCH_USER_PATHS = NO;
				ASSETCATALOG_COMPILER_GENERATE_SWIFT_ASSET_SYMBOL_EXTENSIONS = YES;
				CLANG_ANALYZER_NONNULL = YES;
				CLANG_ANALYZER_NUMBER_OBJECT_CONVERSION = YES_AGGRESSIVE;
				CLANG_CXX_LANGUAGE_STANDARD = "gnu++20";
				CLANG_ENABLE_MODULES = YES;
				CLANG_ENABLE_OBJC_ARC = YES;
				CLANG_ENABLE_OBJC_WEAK = YES;
				CLANG_WARN_BLOCK_CAPTURE_AUTORELEASING = YES;
				CLANG_WARN_BOOL_CONVERSION = YES;
				CLANG_WARN_COMMA = YES;
				CLANG_WARN_CONSTANT_CONVERSION = YES;
				CLANG_WARN_DEPRECATED_OBJC_IMPLEMENTATIONS = YES;
				CLANG_WARN_DIRECT_OBJC_ISA_USAGE = YES_ERROR;
				CLANG_WARN_DOCUMENTATION_COMMENTS = YES;
				CLANG_WARN_EMPTY_BODY = YES;
				CLANG_WARN_ENUM_CONVERSION = YES;
				CLANG_WARN_INFINITE_RECURSION = YES;
				CLANG_WARN_INT_CONVERSION = YES;
				CLANG_WARN_NON_LITERAL_NULL_CONVERSION = YES;
				CLANG_WARN_OBJC_IMPLICIT_RETAIN_SELF = YES;
				CLANG_WARN_OBJC_LITERAL_CONVERSION = YES;
				CLANG_WARN_OBJC_ROOT_CLASS = YES_ERROR;
				CLANG_WARN_QUOTED_INCLUDE_IN_FRAMEWORK_HEADER = YES;
				CLANG_WARN_RANGE_LOOP_ANALYSIS = YES;
				CLANG_WARN_STRICT_PROTOTYPES = YES;
				CLANG_WARN_SUSPICIOUS_MOVE = YES;
				CLANG_WARN_UNGUARDED_AVAILABILITY = YES_AGGRESSIVE;
				CLANG_WARN_UNREACHABLE_CODE = YES;
				CLANG_WARN__DUPLICATE_METHOD_MATCH = YES;
				COPY_PHASE_STRIP = NO;
				DEBUG_INFORMATION_FORMAT = "dwarf-with-dsym";
				ENABLE_NS_ASSERTIONS = NO;
				ENABLE_STRICT_OBJC_MSGSEND = YES;
				ENABLE_USER_SCRIPT_SANDBOXING = YES;
				GCC_C_LANGUAGE_STANDARD = gnu17;
				GCC_NO_COMMON_BLOCKS = YES;
				GCC_WARN_64_TO_32_BIT_CONVERSION = YES;
				GCC_WARN_ABOUT_RETURN_TYPE = YES_ERROR;
				GCC_WARN_UNDECLARED_SELECTOR = YES;
				GCC_WARN_UNINITIALIZED_AUTOS = YES_AGGRESSIVE;
				GCC_WARN_UNUSED_FUNCTION = YES;
				GCC_WARN_UNUSED_VARIABLE = YES;
				IPHONEOS_DEPLOYMENT_TARGET = 17.4;
				LOCALIZATION_PREFERS_STRING_CATALOGS = YES;
				MTL_ENABLE_DEBUG_INFO = NO;
				MTL_FAST_MATH = YES;
				SDKROOT = iphoneos;
				SWIFT_COMPILATION_MODE = wholemodule;
				VALIDATE_PRODUCT = YES;
			};
			name = Release;
		};
		3F21C70B2DC4901800CCEF9C /* Debug */ = {
			isa = XCBuildConfiguration;
			buildSettings = {
				ASSETCATALOG_COMPILER_APPICON_NAME = AppIcon;
				ASSETCATALOG_COMPILER_GLOBAL_ACCENT_COLOR_NAME = AccentColor;
				CODE_SIGN_STYLE = Automatic;
				CURRENT_PROJECT_VERSION = 1;
				DEVELOPMENT_ASSET_PATHS = "\"ExampleNativeIOSApp/Preview Content\"";
				DEVELOPMENT_TEAM = 7XGP5CFCSM;
				ENABLE_PREVIEWS = YES;
				INFOPLIST_FILE = ExampleNativeIOSApp/Info.plist;
				INFOPLIST_KEY_UIApplicationSceneManifest_Generation = YES;
				INFOPLIST_KEY_UIApplicationSupportsIndirectInputEvents = YES;
				INFOPLIST_KEY_UILaunchScreen_Generation = YES;
				INFOPLIST_KEY_UISupportedInterfaceOrientations_iPad = "UIInterfaceOrientationPortrait UIInterfaceOrientationPortraitUpsideDown UIInterfaceOrientationLandscapeLeft UIInterfaceOrientationLandscapeRight";
				INFOPLIST_KEY_UISupportedInterfaceOrientations_iPhone = "UIInterfaceOrientationPortrait UIInterfaceOrientationLandscapeLeft UIInterfaceOrientationLandscapeRight";
				LD_RUNPATH_SEARCH_PATHS = (
					"$(inherited)",
					"@executable_path/Frameworks",
				);
				MARKETING_VERSION = 1.0;
				PRODUCT_BUNDLE_IDENTIFIER = com.thealteroffice.ExampleNativeIOSApp;
				PRODUCT_NAME = "$(TARGET_NAME)";
				SWIFT_EMIT_LOC_STRINGS = YES;
				SWIFT_VERSION = 5.0;
				TARGETED_DEVICE_FAMILY = "1,2";
			};
			name = Debug;
		};
		3F21C70C2DC4901800CCEF9C /* Release */ = {
			isa = XCBuildConfiguration;
			buildSettings = {
				ASSETCATALOG_COMPILER_APPICON_NAME = AppIcon;
				ASSETCATALOG_COMPILER_GLOBAL_ACCENT_COLOR_NAME = AccentColor;
				CODE_SIGN_STYLE = Automatic;
				CURRENT_PROJECT_VERSION = 1;
				DEVELOPMENT_ASSET_PATHS = "\"ExampleNativeIOSApp/Preview Content\"";
				DEVELOPMENT_TEAM = 7XGP5CFCSM;
				ENABLE_PREVIEWS = YES;
				INFOPLIST_FILE = ExampleNativeIOSApp/Info.plist;
				INFOPLIST_KEY_UIApplicationSceneManifest_Generation = YES;
				INFOPLIST_KEY_UIApplicationSupportsIndirectInputEvents = YES;
				INFOPLIST_KEY_UILaunchScreen_Generation = YES;
				INFOPLIST_KEY_UISupportedInterfaceOrientations_iPad = "UIInterfaceOrientationPortrait UIInterfaceOrientationPortraitUpsideDown UIInterfaceOrientationLandscapeLeft UIInterfaceOrientationLandscapeRight";
				INFOPLIST_KEY_UISupportedInterfaceOrientations_iPhone = "UIInterfaceOrientationPortrait UIInterfaceOrientationLandscapeLeft UIInterfaceOrientationLandscapeRight";
				LD_RUNPATH_SEARCH_PATHS = (
					"$(inherited)",
					"@executable_path/Frameworks",
				);
				MARKETING_VERSION = 1.0;
				PRODUCT_BUNDLE_IDENTIFIER = com.thealteroffice.ExampleNativeIOSApp;
				PRODUCT_NAME = "$(TARGET_NAME)";
				SWIFT_EMIT_LOC_STRINGS = YES;
				SWIFT_VERSION = 5.0;
				TARGETED_DEVICE_FAMILY = "1,2";
			};
			name = Release;
		};
/* End XCBuildConfiguration section */

/* Begin XCConfigurationList section */
		3F21C6F52DC4901600CCEF9C /* Build configuration list for PBXProject "ExampleNativeIOSApp" */ = {
			isa = XCConfigurationList;
			buildConfigurations = (
				3F21C7082DC4901800CCEF9C /* Debug */,
				3F21C7092DC4901800CCEF9C /* Release */,
			);
			defaultConfigurationIsVisible = 0;
			defaultConfigurationName = Release;
		};
		3F21C70A2DC4901800CCEF9C /* Build configuration list for PBXNativeTarget "ExampleNativeIOSApp" */ = {
			isa = XCConfigurationList;
			buildConfigurations = (
				3F21C70B2DC4901800CCEF9C /* Debug */,
				3F21C70C2DC4901800CCEF9C /* Release */,
			);
			defaultConfigurationIsVisible = 0;
			defaultConfigurationName = Release;
		};
/* End XCConfigurationList section */
	};
	rootObject = 3F21C6F22DC4901600CCEF9C /* Project object */;
}
