// !$*UTF8*$!
{
	archiveVersion = 1;
	classes = {
	};
	objectVersion = 56;
	objects = {

/* Begin PBXBuildFile section */
		3F21C6EB2DC48FC100CCEF9C /* AdgeistAdvertiserSDK.h in Headers */ = {isa = PBXBuildFile; fileRef = 3F21C6EA2DC48FC100CCEF9C /* AdgeistAdvertiserSDK.h */; settings = {ATTRIBUTES = (Public, ); }; };
		3FUTM0012DCUTM0000CCEF9C /* UTMTracker.swift in Sources */ = {isa = PBXBuildFile; fileRef = 3FUTM0011DCUTM0000CCEF9C /* UTMTracker.swift */; };
		3FUTM0032DCUTM0200CCEF9C /* UTMParameters.swift in Sources */ = {isa = PBXBuildFile; fileRef = 3FUTM0022DCUTM0200CCEF9C /* UTMParameters.swift */; };
		3FEVNT0022EventTypes000001 /* EventTypes.swift in Sources */ = {isa = PBXBuildFile; fileRef = 3FEVNT0012EventTypes000001 /* EventTypes.swift */; };
		3FUTM0052DCUTM0400CCEF9C /* UTMAnalytics.swift in Sources */ = {isa = PBXBuildFile; fileRef = 3FUTM0042DCUTM0400CCEF9C /* UTMAnalytics.swift */; };
		3F21C7142DC492CB00CCEF9C /* DeviceIdentifier.swift in Sources */ = {isa = PBXBuildFile; fileRef = 3F21C7132DC492CB00CCEF9C /* DeviceIdentifier.swift */; };
		3F21C71A2DC4946200CCEF9C /* AdgeistCore.swift in Sources */ = {isa = PBXBuildFile; fileRef = 3F21C7192DC4946200CCEF9C /* AdgeistCore.swift */; };
		3F6FE8042ED829E900BFFF4D /* NetworkUtils.swift in Sources */ = {isa = PBXBuildFile; fileRef = 3F6FE8032ED829E000BFFF4D /* NetworkUtils.swift */; };
		3F6FE8062ED82A1800BFFF4D /* Demographics.swift in Sources */ = {isa = PBXBuildFile; fileRef = 3F6FE8052ED82A1000BFFF4D /* Demographics.swift */; };
		3F6FE8082ED82A2B00BFFF4D /* GeoLocation.swift in Sources */ = {isa = PBXBuildFile; fileRef = 3F6FE8072ED82A2300BFFF4D /* GeoLocation.swift */; };
		3F7A1BEF2E4D180B00A7D6F6 /* Extensions.swift in Sources */ = {isa = PBXBuildFile; fileRef = 3F7A1BEE2E4D180300A7D6F6 /* Extensions.swift */; };
		3F827B7F2EB33D7A00F3467B /* TargetingOptions.swift in Sources */ = {isa = PBXBuildFile; fileRef = 3F827B7E2EB33D7A00F3467B /* TargetingOptions.swift */; };
		3F827B802EB33D7A00F3467B /* DeviceMeta.swift in Sources */ = {isa = PBXBuildFile; fileRef = 3F827B7D2EB33D7A00F3467B /* DeviceMeta.swift */; };
/* End PBXBuildFile section */

/* Begin PBXFileReference section */
		3F21C6E72DC48FC100CCEF9C /* AdgeistAdvertiserSDK.framework */ = {isa = PBXFileReference; explicitFileType = wrapper.framework; includeInIndex = 0; path = AdgeistAdvertiserSDK.framework; sourceTree = BUILT_PRODUCTS_DIR; };
		3F21C6EA2DC48FC100CCEF9C /* AdgeistAdvertiserSDK.h */ = {isa = PBXFileReference; lastKnownFileType = sourcecode.c.h; path = AdgeistAdvertiserSDK.h; sourceTree = "<group>"; };
		3FUTM0011DCUTM0000CCEF9C /* UTMTracker.swift */ = {isa = PBXFileReference; lastKnownFileType = sourcecode.swift; path = UTMTracker.swift; sourceTree = "<group>"; };
		3FUTM0022DCUTM0200CCEF9C /* UTMParameters.swift */ = {isa = PBXFileReference; lastKnownFileType = sourcecode.swift; path = UTMParameters.swift; sourceTree = "<group>"; };
		3FEVNT0012EventTypes000001 /* EventTypes.swift */ = {isa = PBXFileReference; lastKnownFileType = sourcecode.swift; path = EventTypes.swift; sourceTree = "<group>"; };
		3FUTM0042DCUTM0400CCEF9C /* UTMAnalytics.swift */ = {isa = PBXFileReference; lastKnownFileType = sourcecode.swift; path = UTMAnalytics.swift; sourceTree = "<group>"; };
		3F21C7132DC492CB00CCEF9C /* DeviceIdentifier.swift */ = {isa = PBXFileReference; lastKnownFileType = sourcecode.swift; path = DeviceIdentifier.swift; sourceTree = "<group>"; };
		3F21C7192DC4946200CCEF9C /* AdgeistCore.swift */ = {isa = PBXFileReference; lastKnownFileType = sourcecode.swift; path = AdgeistCore.swift; sourceTree = "<group>"; };
		3F6FE8032ED829E000BFFF4D /* NetworkUtils.swift */ = {isa = PBXFileReference; lastKnownFileType = sourcecode.swift; path = NetworkUtils.swift; sourceTree = "<group>"; };
		3F6FE8052ED82A1000BFFF4D /* Demographics.swift */ = {isa = PBXFileReference; lastKnownFileType = sourcecode.swift; path = Demographics.swift; sourceTree = "<group>"; };
		3F6FE8072ED82A2300BFFF4D /* GeoLocation.swift */ = {isa = PBXFileReference; lastKnownFileType = sourcecode.swift; path = GeoLocation.swift; sourceTree = "<group>"; };
		3F7A1BEE2E4D180300A7D6F6 /* Extensions.swift */ = {isa = PBXFileReference; lastKnownFileType = sourcecode.swift; path = Extensions.swift; sourceTree = "<group>"; };
		3F827B7D2EB33D7A00F3467B /* DeviceMeta.swift */ = {isa = PBXFileReference; lastKnownFileType = sourcecode.swift; path = DeviceMeta.swift; sourceTree = "<group>"; };
		3F827B7E2EB33D7A00F3467B /* TargetingOptions.swift */ = {isa = PBXFileReference; lastKnownFileType = sourcecode.swift; path = TargetingOptions.swift; sourceTree = "<group>"; };
		3FCONFIG001 /* Beta.xcconfig */ = {isa = PBXFileReference; lastKnownFileType = text.xcconfig; path = Beta.xcconfig; sourceTree = "<group>"; };
		3FCONFIG002 /* QA.xcconfig */ = {isa = PBXFileReference; lastKnownFileType = text.xcconfig; path = QA.xcconfig; sourceTree = "<group>"; };
		3FCONFIG003 /* Prod.xcconfig */ = {isa = PBXFileReference; lastKnownFileType = text.xcconfig; path = Prod.xcconfig; sourceTree = "<group>"; };
/* End PBXFileReference section */

/* Begin PBXFrameworksBuildPhase section */
		3F21C6E42DC48FC100CCEF9C /* Frameworks */ = {
			isa = PBXFrameworksBuildPhase;
			buildActionMask = 2147483647;
			files = (
			);
			runOnlyForDeploymentPostprocessing = 0;
		};
/* End PBXFrameworksBuildPhase section */

/* Begin PBXGroup section */
		3F21C6DD2DC48FC100CCEF9C = {
			isa = PBXGroup;
			children = (
				3F21C6E92DC48FC100CCEF9C /* AdgeistAdvertiserSDK */,
				3FCONFIG000 /* Config */,
				3F21C6E82DC48FC100CCEF9C /* Products */,
			);
			sourceTree = "<group>";
		};
		3F21C6E82DC48FC100CCEF9C /* Products */ = {
			isa = PBXGroup;
			children = (
				3F21C6E72DC48FC100CCEF9C /* AdgeistAdvertiserSDK.framework */,
			);
			name = Products;
			sourceTree = "<group>";
		};
		3F21C6E92DC48FC100CCEF9C /* AdgeistAdvertiserSDK */ = {
			isa = PBXGroup;
			children = (
				3FCORE002 /* core */,
				3FDATA002 /* data */,
				3F7A1BEE2E4D180300A7D6F6 /* Extensions.swift */,
				3F21C6EA2DC48FC100CCEF9C /* AdgeistAdvertiserSDK.h */,
				3F21C7192DC4946200CCEF9C /* AdgeistCore.swift */,
			);
			path = AdgeistAdvertiserSDK;
			sourceTree = "<group>";
		};
		3FCONFIG000 /* Config */ = {
			isa = PBXGroup;
			children = (
				3FCONFIG001 /* Beta.xcconfig */,
				3FCONFIG002 /* QA.xcconfig */,
				3FCONFIG003 /* Prod.xcconfig */,
			);
			path = Config;
			sourceTree = "<group>";
		};
		3FCORE002 /* core */ = {
			isa = PBXGroup;
			children = (
				3FCORE003 /* device */,
				3F6FE8072ED82A2300BFFF4D /* GeoLocation.swift */,
				3F6FE8052ED82A1000BFFF4D /* Demographics.swift */,
				3F827B7E2EB33D7A00F3467B /* TargetingOptions.swift */,
				3FUTM0011DCUTM0000CCEF9C /* UTMTracker.swift */,
				3FUTM0022DCUTM0200CCEF9C /* UTMParameters.swift */,
				3FEVNT0012EventTypes000001 /* EventTypes.swift */,
			);
			path = core;
			sourceTree = "<group>";
		};
		3FCORE003 /* device */ = {
			isa = PBXGroup;
			children = (
				3F6FE8032ED829E000BFFF4D /* NetworkUtils.swift */,
				3F21C7132DC492CB00CCEF9C /* DeviceIdentifier.swift */,
				3F827B7D2EB33D7A00F3467B /* DeviceMeta.swift */,
			);
			path = device;
			sourceTree = "<group>";
		};
		3FDATA002 /* data */ = {
			isa = PBXGroup;
			children = (
				3FDATA003 /* models */,
				3FDATA004 /* network */,
			);
			path = data;
			sourceTree = "<group>";
		};
		3FDATA003 /* models */ = {
			isa = PBXGroup;
			children = (
			);
			path = models;
			sourceTree = "<group>";
		};
		3FDATA004 /* network */ = {
			isa = PBXGroup;
			children = (
				3FUTM0042DCUTM0400CCEF9C /* UTMAnalytics.swift */,
			);
			path = network;
			sourceTree = "<group>";
		};
/* End PBXGroup section */

/* Begin PBXHeadersBuildPhase section */
		3F21C6E22DC48FC100CCEF9C /* Headers */ = {
			isa = PBXHeadersBuildPhase;
			buildActionMask = 2147483647;
			files = (
				3F21C6EB2DC48FC100CCEF9C /* AdgeistAdvertiserSDK.h in Headers */,
			);
			runOnlyForDeploymentPostprocessing = 0;
		};
/* End PBXHeadersBuildPhase section */

/* Begin PBXNativeTarget section */
		3F21C6E62DC48FC100CCEF9C /* AdgeistAdvertiserSDK */ = {
			isa = PBXNativeTarget;
			buildConfigurationList = 3F21C6EE2DC48FC100CCEF9C /* Build configuration list for PBXNativeTarget "AdgeistAdvertiserSDK" */;
			buildPhases = (
				3F21C6E22DC48FC100CCEF9C /* Headers */,
				3F21C6E32DC48FC100CCEF9C /* Sources */,
				3F21C6E42DC48FC100CCEF9C /* Frameworks */,
				3F21C6E52DC48FC100CCEF9C /* Resources */,
			);
			buildRules = (
			);
			dependencies = (
			);
			name = AdgeistAdvertiserSDK;
			productName = AdgeistAdvertiserSDK;
			productReference = 3F21C6E72DC48FC100CCEF9C /* AdgeistAdvertiserSDK.framework */;
			productType = "com.apple.product-type.framework";
		};
/* End PBXNativeTarget section */

/* Begin PBXProject section */
		3F21C6DE2DC48FC100CCEF9C /* Project object */ = {
			isa = PBXProject;
			attributes = {
				BuildIndependentTargetsInParallel = 1;
				LastUpgradeCheck = 1530;
				TargetAttributes = {
					3F21C6E62DC48FC100CCEF9C = {
						CreatedOnToolsVersion = 15.3;
						LastSwiftMigration = 1530;
					};
				};
			};
			buildConfigurationList = 3F21C6E12DC48FC100CCEF9C /* Build configuration list for PBXProject "AdgeistAdvertiserSDK" */;
			compatibilityVersion = "Xcode 14.0";
			developmentRegion = en;
			hasScannedForEncodings = 0;
			knownRegions = (
				en,
				Base,
			);
			mainGroup = 3F21C6DD2DC48FC100CCEF9C;
			productRefGroup = 3F21C6E82DC48FC100CCEF9C /* Products */;
			projectDirPath = "";
			projectRoot = "";
			targets = (
				3F21C6E62DC48FC100CCEF9C /* AdgeistAdvertiserSDK */,
			);
		};
/* End PBXProject section */

/* Begin PBXResourcesBuildPhase section */
		3F21C6E52DC48FC100CCEF9C /* Resources */ = {
			isa = PBXResourcesBuildPhase;
			buildActionMask = 2147483647;
			files = (
			);
			runOnlyForDeploymentPostprocessing = 0;
		};
/* End PBXResourcesBuildPhase section */

/* Begin PBXSourcesBuildPhase section */
		3F21C6E32DC48FC100CCEF9C /* Sources */ = {
			isa = PBXSourcesBuildPhase;
			buildActionMask = 2147483647;
			files = (
				3F827B7F2EB33D7A00F3467B /* TargetingOptions.swift in Sources */,
				3F827B802EB33D7A00F3467B /* DeviceMeta.swift in Sources */,
				3F21C71A2DC4946200CCEF9C /* AdgeistCore.swift in Sources */,
				3FUTM0012DCUTM0000CCEF9C /* UTMTracker.swift in Sources */,
				3FUTM0032DCUTM0200CCEF9C /* UTMParameters.swift in Sources */,
				3FEVNT0022EventTypes000001 /* EventTypes.swift in Sources */,
				3FUTM0052DCUTM0400CCEF9C /* UTMAnalytics.swift in Sources */,
				3F7A1BEF2E4D180B00A7D6F6 /* Extensions.swift in Sources */,
				3F6FE8042ED829E900BFFF4D /* NetworkUtils.swift in Sources */,
				3F6FE8082ED82A2B00BFFF4D /* GeoLocation.swift in Sources */,
				3F21C7142DC492CB00CCEF9C /* DeviceIdentifier.swift in Sources */,
				3F6FE8062ED82A1800BFFF4D /* Demographics.swift in Sources */,
			);
			runOnlyForDeploymentPostprocessing = 0;
		};
/* End PBXSourcesBuildPhase section */

/* Begin XCBuildConfiguration section */
		3F21C6EC2DC48FC100CCEF9C /* Debug */ = {
			isa = XCBuildConfiguration;
			baseConfigurationReference = 3FCONFIG001 /* Beta.xcconfig */;
			buildSettings = {
				ALWAYS_SEARCH_USER_PATHS = NO;
				ASSETCATALOG_COMPILER_GENERATE_SWIFT_ASSET_SYMBOL_EXTENSIONS = YES;
				CLANG_ANALYZER_NONNULL = YES;
				CLANG_ANALYZER_NUMBER_OBJECT_CONVERSION = YES_AGGRESSIVE;
				CLANG_CXX_LANGUAGE_STANDARD = "gnu++20";
				CLANG_ENABLE_MODULES = YES;
				CLANG_ENABLE_OBJC_ARC = YES;
				CLANG_ENABLE_OBJC_WEAK = YES;
				CLANG_WARN_BLOCK_CAPTURE_AUTORELEASING = YES;
				CLANG_WARN_BOOL_CONVERSION = YES;
				CLANG_WARN_COMMA = YES;
				CLANG_WARN_CONSTANT_CONVERSION = YES;
				CLANG_WARN_DEPRECATED_OBJC_IMPLEMENTATIONS = YES;
				CLANG_WARN_DIRECT_OBJC_ISA_USAGE = YES_ERROR;
				CLANG_WARN_DOCUMENTATION_COMMENTS = YES;
				CLANG_WARN_EMPTY_BODY = YES;
				CLANG_WARN_ENUM_CONVERSION = YES;
				CLANG_WARN_INFINITE_RECURSION = YES;
				CLANG_WARN_INT_CONVERSION = YES;
				CLANG_WARN_NON_LITERAL_NULL_CONVERSION = YES;
				CLANG_WARN_OBJC_IMPLICIT_RETAIN_SELF = YES;
				CLANG_WARN_OBJC_LITERAL_CONVERSION = YES;
				CLANG_WARN_OBJC_ROOT_CLASS = YES_ERROR;
				CLANG_WARN_QUOTED_INCLUDE_IN_FRAMEWORK_HEADER = YES;
				CLANG_WARN_RANGE_LOOP_ANALYSIS = YES;
				CLANG_WARN_STRICT_PROTOTYPES = YES;
				CLANG_WARN_SUSPICIOUS_MOVE = YES;
				CLANG_WARN_UNGUARDED_AVAILABILITY = YES_AGGRESSIVE;
				CLANG_WARN_UNREACHABLE_CODE = YES;
				CLANG_WARN__DUPLICATE_METHOD_MATCH = YES;
				COPY_PHASE_STRIP = NO;
				CURRENT_PROJECT_VERSION = 1;
				DEBUG_INFORMATION_FORMAT = dwarf;
				ENABLE_STRICT_OBJC_MSGSEND = YES;
				ENABLE_TESTABILITY = YES;
				ENABLE_USER_SCRIPT_SANDBOXING = YES;
				GCC_C_LANGUAGE_STANDARD = gnu17;
				GCC_DYNAMIC_NO_PIC = NO;
				GCC_NO_COMMON_BLOCKS = YES;
				GCC_OPTIMIZATION_LEVEL = 0;
				GCC_PREPROCESSOR_DEFINITIONS = (
					"DEBUG=1",
					"$(inherited)",
				);
				GCC_WARN_64_TO_32_BIT_CONVERSION = YES;
				GCC_WARN_ABOUT_RETURN_TYPE = YES_ERROR;
				GCC_WARN_UNDECLARED_SELECTOR = YES;
				GCC_WARN_UNINITIALIZED_AUTOS = YES_AGGRESSIVE;
				GCC_WARN_UNUSED_FUNCTION = YES;
				GCC_WARN_UNUSED_VARIABLE = YES;
				IPHONEOS_DEPLOYMENT_TARGET = 17.4;
				LOCALIZATION_PREFERS_STRING_CATALOGS = YES;
				MTL_ENABLE_DEBUG_INFO = INCLUDE_SOURCE;
				MTL_FAST_MATH = YES;
				ONLY_ACTIVE_ARCH = YES;
				SDKROOT = iphoneos;
				SWIFT_ACTIVE_COMPILATION_CONDITIONS = "DEBUG $(inherited)";
				SWIFT_OPTIMIZATION_LEVEL = "-Onone";
				VERSIONING_SYSTEM = "apple-generic";
				VERSION_INFO_PREFIX = "";
			};
			name = Debug;
		};
		3F21C6EF2DC48FC100CCEF9C /* Debug */ = {
			isa = XCBuildConfiguration;
			baseConfigurationReference = 3FCONFIG001 /* Beta.xcconfig */;
			buildSettings = {
				BUILD_LIBRARY_FOR_DISTRIBUTION = YES;
				CLANG_ENABLE_MODULES = YES;
				CODE_SIGN_STYLE = Automatic;
				CURRENT_PROJECT_VERSION = 1;
				DEFINES_MODULE = YES;
				DEVELOPMENT_TEAM = 7XGP5CFCSM;
				DYLIB_COMPATIBILITY_VERSION = 1;
				DYLIB_CURRENT_VERSION = 1;
				DYLIB_INSTALL_NAME_BASE = "@rpath";
				ENABLE_MODULE_VERIFIER = YES;
					INFOPLIST_FILE = AdgeistAdvertiserSDK/Info.plist;
				INFOPLIST_KEY_NSHumanReadableCopyright = "";
				INSTALL_PATH = "$(LOCAL_LIBRARY_DIR)/Frameworks";
				LD_RUNPATH_SEARCH_PATHS = (
					"$(inherited)",
					"@executable_path/Frameworks",
					"@loader_path/Frameworks",
				);
				MARKETING_VERSION = 1.0;
				MODULE_VERIFIER_SUPPORTED_LANGUAGES = "objective-c objective-c++";
				MODULE_VERIFIER_SUPPORTED_LANGUAGE_STANDARDS = "gnu17 gnu++20";
					PRODUCT_BUNDLE_IDENTIFIER = com.thealteroffice.AdgeistAdvertiserSDK;
				PRODUCT_NAME = "$(TARGET_NAME:c99extidentifier)";
				SKIP_INSTALL = YES;
				SWIFT_EMIT_LOC_STRINGS = YES;
				SWIFT_INSTALL_OBJC_HEADER = NO;
				SWIFT_OPTIMIZATION_LEVEL = "-Onone";
				SWIFT_VERSION = 5.0;
				TARGETED_DEVICE_FAMILY = "1,2";
			};
			name = Debug;
		};
		3F21C6F12DC48FC100CCEF9D /* Beta */ = {
			isa = XCBuildConfiguration;
			baseConfigurationReference = 3FCONFIG001 /* Beta.xcconfig */;
			buildSettings = {
				ALWAYS_SEARCH_USER_PATHS = NO;
				ASSETCATALOG_COMPILER_GENERATE_SWIFT_ASSET_SYMBOL_EXTENSIONS = YES;
				CLANG_ANALYZER_NONNULL = YES;
				CLANG_ANALYZER_NUMBER_OBJECT_CONVERSION = YES_AGGRESSIVE;
				CLANG_CXX_LANGUAGE_STANDARD = "gnu++20";
				CLANG_ENABLE_MODULES = YES;
				CLANG_ENABLE_OBJC_ARC = YES;
				CLANG_ENABLE_OBJC_WEAK = YES;
				CLANG_WARN_BLOCK_CAPTURE_AUTORELEASING = YES;
				CLANG_WARN_BOOL_CONVERSION = YES;
				CLANG_WARN_COMMA = YES;
				CLANG_WARN_CONSTANT_CONVERSION = YES;
				CLANG_WARN_DEPRECATED_OBJC_IMPLEMENTATIONS = YES;
				CLANG_WARN_DIRECT_OBJC_ISA_USAGE = YES_ERROR;
				CLANG_WARN_DOCUMENTATION_COMMENTS = YES;
				CLANG_WARN_EMPTY_BODY = YES;
				CLANG_WARN_ENUM_CONVERSION = YES;
				CLANG_WARN_INFINITE_RECURSION = YES;
				CLANG_WARN_INT_CONVERSION = YES;
				CLANG_WARN_NON_LITERAL_NULL_CONVERSION = YES;
				CLANG_WARN_OBJC_IMPLICIT_RETAIN_SELF = YES;
				CLANG_WARN_OBJC_LITERAL_CONVERSION = YES;
				CLANG_WARN_OBJC_ROOT_CLASS = YES_ERROR;
				CLANG_WARN_QUOTED_INCLUDE_IN_FRAMEWORK_HEADER = YES;
				CLANG_WARN_RANGE_LOOP_ANALYSIS = YES;
				CLANG_WARN_STRICT_PROTOTYPES = YES;
				CLANG_WARN_SUSPICIOUS_MOVE = YES;
				CLANG_WARN_UNGUARDED_AVAILABILITY = YES_AGGRESSIVE;
				CLANG_WARN_UNREACHABLE_CODE = YES;
				CLANG_WARN__DUPLICATE_METHOD_MATCH = YES;
				COPY_PHASE_STRIP = NO;
				CURRENT_PROJECT_VERSION = 1;
				DEBUG_INFORMATION_FORMAT = "dwarf-with-dsym";
				ENABLE_NS_ASSERTIONS = NO;
				ENABLE_STRICT_OBJC_MSGSEND = YES;
				ENABLE_USER_SCRIPT_SANDBOXING = YES;
				GCC_C_LANGUAGE_STANDARD = gnu17;
				GCC_NO_COMMON_BLOCKS = YES;
				GCC_WARN_64_TO_32_BIT_CONVERSION = YES;
				GCC_WARN_ABOUT_RETURN_TYPE = YES_ERROR;
				GCC_WARN_UNDECLARED_SELECTOR = YES;
				GCC_WARN_UNINITIALIZED_AUTOS = YES_AGGRESSIVE;
				GCC_WARN_UNUSED_FUNCTION = YES;
				GCC_WARN_UNUSED_VARIABLE = YES;
				IPHONEOS_DEPLOYMENT_TARGET = 17.4;
				LOCALIZATION_PREFERS_STRING_CATALOGS = YES;
				MTL_ENABLE_DEBUG_INFO = NO;
				MTL_FAST_MATH = YES;
				SDKROOT = iphoneos;
				SWIFT_COMPILATION_MODE = wholemodule;
				VALIDATE_PRODUCT = YES;
				VERSIONING_SYSTEM = "apple-generic";
				VERSION_INFO_PREFIX = "";
			};
			name = Beta;
		};
		3F21C6F22DC48FC100CCEF9E /* QA */ = {
			isa = XCBuildConfiguration;
			baseConfigurationReference = 3FCONFIG002 /* QA.xcconfig */;
			buildSettings = {
				ALWAYS_SEARCH_USER_PATHS = NO;
				ASSETCATALOG_COMPILER_GENERATE_SWIFT_ASSET_SYMBOL_EXTENSIONS = YES;
				CLANG_ANALYZER_NONNULL = YES;
				CLANG_ANALYZER_NUMBER_OBJECT_CONVERSION = YES_AGGRESSIVE;
				CLANG_CXX_LANGUAGE_STANDARD = "gnu++20";
				CLANG_ENABLE_MODULES = YES;
				CLANG_ENABLE_OBJC_ARC = YES;
				CLANG_ENABLE_OBJC_WEAK = YES;
				CLANG_WARN_BLOCK_CAPTURE_AUTORELEASING = YES;
				CLANG_WARN_BOOL_CONVERSION = YES;
				CLANG_WARN_COMMA = YES;
				CLANG_WARN_CONSTANT_CONVERSION = YES;
				CLANG_WARN_DEPRECATED_OBJC_IMPLEMENTATIONS = YES;
				CLANG_WARN_DIRECT_OBJC_ISA_USAGE = YES_ERROR;
				CLANG_WARN_DOCUMENTATION_COMMENTS = YES;
				CLANG_WARN_EMPTY_BODY = YES;
				CLANG_WARN_ENUM_CONVERSION = YES;
				CLANG_WARN_INFINITE_RECURSION = YES;
				CLANG_WARN_INT_CONVERSION = YES;
				CLANG_WARN_NON_LITERAL_NULL_CONVERSION = YES;
				CLANG_WARN_OBJC_IMPLICIT_RETAIN_SELF = YES;
				CLANG_WARN_OBJC_LITERAL_CONVERSION = YES;
				CLANG_WARN_OBJC_ROOT_CLASS = YES_ERROR;
				CLANG_WARN_QUOTED_INCLUDE_IN_FRAMEWORK_HEADER = YES;
				CLANG_WARN_RANGE_LOOP_ANALYSIS = YES;
				CLANG_WARN_STRICT_PROTOTYPES = YES;
				CLANG_WARN_SUSPICIOUS_MOVE = YES;
				CLANG_WARN_UNGUARDED_AVAILABILITY = YES_AGGRESSIVE;
				CLANG_WARN_UNREACHABLE_CODE = YES;
				CLANG_WARN__DUPLICATE_METHOD_MATCH = YES;
				COPY_PHASE_STRIP = NO;
				CURRENT_PROJECT_VERSION = 1;
				DEBUG_INFORMATION_FORMAT = "dwarf-with-dsym";
				ENABLE_NS_ASSERTIONS = NO;
				ENABLE_STRICT_OBJC_MSGSEND = YES;
				ENABLE_USER_SCRIPT_SANDBOXING = YES;
				GCC_C_LANGUAGE_STANDARD = gnu17;
				GCC_NO_COMMON_BLOCKS = YES;
				GCC_WARN_64_TO_32_BIT_CONVERSION = YES;
				GCC_WARN_ABOUT_RETURN_TYPE = YES_ERROR;
				GCC_WARN_UNDECLARED_SELECTOR = YES;
				GCC_WARN_UNINITIALIZED_AUTOS = YES_AGGRESSIVE;
				GCC_WARN_UNUSED_FUNCTION = YES;
				GCC_WARN_UNUSED_VARIABLE = YES;
				IPHONEOS_DEPLOYMENT_TARGET = 17.4;
				LOCALIZATION_PREFERS_STRING_CATALOGS = YES;
				MTL_ENABLE_DEBUG_INFO = NO;
				MTL_FAST_MATH = YES;
				SDKROOT = iphoneos;
				SWIFT_COMPILATION_MODE = wholemodule;
				VALIDATE_PRODUCT = YES;
				VERSIONING_SYSTEM = "apple-generic";
				VERSION_INFO_PREFIX = "";
			};
			name = QA;
		};
		3F21C6F32DC48FC100CCEF9F /* Prod */ = {
			isa = XCBuildConfiguration;
			baseConfigurationReference = 3FCONFIG003 /* Prod.xcconfig */;
			buildSettings = {
				ALWAYS_SEARCH_USER_PATHS = NO;
				ASSETCATALOG_COMPILER_GENERATE_SWIFT_ASSET_SYMBOL_EXTENSIONS = YES;
				CLANG_ANALYZER_NONNULL = YES;
				CLANG_ANALYZER_NUMBER_OBJECT_CONVERSION = YES_AGGRESSIVE;
				CLANG_CXX_LANGUAGE_STANDARD = "gnu++20";
				CLANG_ENABLE_MODULES = YES;
				CLANG_ENABLE_OBJC_ARC = YES;
				CLANG_ENABLE_OBJC_WEAK = YES;
				CLANG_WARN_BLOCK_CAPTURE_AUTORELEASING = YES;
				CLANG_WARN_BOOL_CONVERSION = YES;
				CLANG_WARN_COMMA = YES;
				CLANG_WARN_CONSTANT_CONVERSION = YES;
				CLANG_WARN_DEPRECATED_OBJC_IMPLEMENTATIONS = YES;
				CLANG_WARN_DIRECT_OBJC_ISA_USAGE = YES_ERROR;
				CLANG_WARN_DOCUMENTATION_COMMENTS = YES;
				CLANG_WARN_EMPTY_BODY = YES;
				CLANG_WARN_ENUM_CONVERSION = YES;
				CLANG_WARN_INFINITE_RECURSION = YES;
				CLANG_WARN_INT_CONVERSION = YES;
				CLANG_WARN_NON_LITERAL_NULL_CONVERSION = YES;
				CLANG_WARN_OBJC_IMPLICIT_RETAIN_SELF = YES;
				CLANG_WARN_OBJC_LITERAL_CONVERSION = YES;
				CLANG_WARN_OBJC_ROOT_CLASS = YES_ERROR;
				CLANG_WARN_QUOTED_INCLUDE_IN_FRAMEWORK_HEADER = YES;
				CLANG_WARN_RANGE_LOOP_ANALYSIS = YES;
				CLANG_WARN_STRICT_PROTOTYPES = YES;
				CLANG_WARN_SUSPICIOUS_MOVE = YES;
				CLANG_WARN_UNGUARDED_AVAILABILITY = YES_AGGRESSIVE;
				CLANG_WARN_UNREACHABLE_CODE = YES;
				CLANG_WARN__DUPLICATE_METHOD_MATCH = YES;
				COPY_PHASE_STRIP = NO;
				CURRENT_PROJECT_VERSION = 1;
				DEBUG_INFORMATION_FORMAT = "dwarf-with-dsym";
				ENABLE_NS_ASSERTIONS = NO;
				ENABLE_STRICT_OBJC_MSGSEND = YES;
				ENABLE_USER_SCRIPT_SANDBOXING = YES;
				GCC_C_LANGUAGE_STANDARD = gnu17;
				GCC_NO_COMMON_BLOCKS = YES;
				GCC_WARN_64_TO_32_BIT_CONVERSION = YES;
				GCC_WARN_ABOUT_RETURN_TYPE = YES_ERROR;
				GCC_WARN_UNDECLARED_SELECTOR = YES;
				GCC_WARN_UNINITIALIZED_AUTOS = YES_AGGRESSIVE;
				GCC_WARN_UNUSED_FUNCTION = YES;
				GCC_WARN_UNUSED_VARIABLE = YES;
				IPHONEOS_DEPLOYMENT_TARGET = 17.4;
				LOCALIZATION_PREFERS_STRING_CATALOGS = YES;
				MTL_ENABLE_DEBUG_INFO = NO;
				MTL_FAST_MATH = YES;
				SDKROOT = iphoneos;
				SWIFT_COMPILATION_MODE = wholemodule;
				VALIDATE_PRODUCT = YES;
				VERSIONING_SYSTEM = "apple-generic";
				VERSION_INFO_PREFIX = "";
			};
			name = Prod;
		};
		3F21C6F42DC48FC100CCEF9G /* Beta */ = {
			isa = XCBuildConfiguration;
			baseConfigurationReference = 3FCONFIG001 /* Beta.xcconfig */;
			buildSettings = {
				BUILD_LIBRARY_FOR_DISTRIBUTION = YES;
				CLANG_ENABLE_MODULES = YES;
				CODE_SIGN_STYLE = Automatic;
				CURRENT_PROJECT_VERSION = 1;
				DEFINES_MODULE = YES;
				DEVELOPMENT_TEAM = 7XGP5CFCSM;
				DYLIB_COMPATIBILITY_VERSION = 1;
				DYLIB_CURRENT_VERSION = 1;
				DYLIB_INSTALL_NAME_BASE = "@rpath";
				ENABLE_MODULE_VERIFIER = YES;
					INFOPLIST_FILE = AdgeistAdvertiserSDK/Info.plist;
				INFOPLIST_KEY_NSHumanReadableCopyright = "";
				INSTALL_PATH = "$(LOCAL_LIBRARY_DIR)/Frameworks";
				LD_RUNPATH_SEARCH_PATHS = (
					"$(inherited)",
					"@executable_path/Frameworks",
					"@loader_path/Frameworks",
				);
				MARKETING_VERSION = 1.0;
				MODULE_VERIFIER_SUPPORTED_LANGUAGES = "objective-c objective-c++";
				MODULE_VERIFIER_SUPPORTED_LANGUAGE_STANDARDS = "gnu17 gnu++20";
					PRODUCT_BUNDLE_IDENTIFIER = com.thealteroffice.AdgeistAdvertiserSDK;
				PRODUCT_NAME = "$(TARGET_NAME:c99extidentifier)";
				SKIP_INSTALL = YES;
				SWIFT_EMIT_LOC_STRINGS = YES;
				SWIFT_INSTALL_OBJC_HEADER = NO;
				SWIFT_VERSION = 5.0;
				TARGETED_DEVICE_FAMILY = "1,2";
			};
			name = Beta;
		};
		3F21C6F52DC48FC100CCEF9H /* QA */ = {
			isa = XCBuildConfiguration;
			baseConfigurationReference = 3FCONFIG002 /* QA.xcconfig */;
			buildSettings = {
				BUILD_LIBRARY_FOR_DISTRIBUTION = YES;
				CLANG_ENABLE_MODULES = YES;
				CODE_SIGN_STYLE = Automatic;
				CURRENT_PROJECT_VERSION = 1;
				DEFINES_MODULE = YES;
				DEVELOPMENT_TEAM = 7XGP5CFCSM;
				DYLIB_COMPATIBILITY_VERSION = 1;
				DYLIB_CURRENT_VERSION = 1;
				DYLIB_INSTALL_NAME_BASE = "@rpath";
				ENABLE_MODULE_VERIFIER = YES;
					INFOPLIST_FILE = AdgeistAdvertiserSDK/Info.plist;
				INFOPLIST_KEY_NSHumanReadableCopyright = "";
				INSTALL_PATH = "$(LOCAL_LIBRARY_DIR)/Frameworks";
				LD_RUNPATH_SEARCH_PATHS = (
					"$(inherited)",
					"@executable_path/Frameworks",
					"@loader_path/Frameworks",
				);
				MARKETING_VERSION = 1.0;
				MODULE_VERIFIER_SUPPORTED_LANGUAGES = "objective-c objective-c++";
				MODULE_VERIFIER_SUPPORTED_LANGUAGE_STANDARDS = "gnu17 gnu++20";
					PRODUCT_BUNDLE_IDENTIFIER = com.thealteroffice.AdgeistAdvertiserSDK;
				PRODUCT_NAME = "$(TARGET_NAME:c99extidentifier)";
				SKIP_INSTALL = YES;
				SWIFT_EMIT_LOC_STRINGS = YES;
				SWIFT_INSTALL_OBJC_HEADER = NO;
				SWIFT_VERSION = 5.0;
				TARGETED_DEVICE_FAMILY = "1,2";
			};
			name = QA;
		};
		3F21C6F62DC48FC100CCEF9I /* Prod */ = {
			isa = XCBuildConfiguration;
			baseConfigurationReference = 3FCONFIG003 /* Prod.xcconfig */;
			buildSettings = {
				BUILD_LIBRARY_FOR_DISTRIBUTION = YES;
				CLANG_ENABLE_MODULES = YES;
				CODE_SIGN_STYLE = Automatic;
				CURRENT_PROJECT_VERSION = 1;
				DEFINES_MODULE = YES;
				DEVELOPMENT_TEAM = 7XGP5CFCSM;
				DYLIB_COMPATIBILITY_VERSION = 1;
				DYLIB_CURRENT_VERSION = 1;
				DYLIB_INSTALL_NAME_BASE = "@rpath";
				ENABLE_MODULE_VERIFIER = YES;
					INFOPLIST_FILE = AdgeistAdvertiserSDK/Info.plist;
				INFOPLIST_KEY_NSHumanReadableCopyright = "";
				INSTALL_PATH = "$(LOCAL_LIBRARY_DIR)/Frameworks";
				LD_RUNPATH_SEARCH_PATHS = (
					"$(inherited)",
					"@executable_path/Frameworks",
					"@loader_path/Frameworks",
				);
				MARKETING_VERSION = 1.0;
				MODULE_VERIFIER_SUPPORTED_LANGUAGES = "objective-c objective-c++";
				MODULE_VERIFIER_SUPPORTED_LANGUAGE_STANDARDS = "gnu17 gnu++20";
					PRODUCT_BUNDLE_IDENTIFIER = com.thealteroffice.AdgeistAdvertiserSDK;
				PRODUCT_NAME = "$(TARGET_NAME:c99extidentifier)";
				SKIP_INSTALL = YES;
				SWIFT_EMIT_LOC_STRINGS = YES;
				SWIFT_INSTALL_OBJC_HEADER = NO;
				SWIFT_VERSION = 5.0;
				TARGETED_DEVICE_FAMILY = "1,2";
			};
			name = Prod;
		};
/* End XCBuildConfiguration section */

/* Begin XCConfigurationList section */
		3F21C6E12DC48FC100CCEF9C /* Build configuration list for PBXProject "AdgeistAdvertiserSDK" */ = {
			isa = XCConfigurationList;
			buildConfigurations = (
				3F21C6EC2DC48FC100CCEF9C /* Debug */,
				3F21C6F12DC48FC100CCEF9D /* Beta */,
				3F21C6F22DC48FC100CCEF9E /* QA */,
				3F21C6F32DC48FC100CCEF9F /* Prod */,
			);
			defaultConfigurationIsVisible = 0;
			defaultConfigurationName = Debug;
		};
		3F21C6EE2DC48FC100CCEF9C /* Build configuration list for PBXNativeTarget "AdgeistAdvertiserSDK" */ = {
			isa = XCConfigurationList;
			buildConfigurations = (
				3F21C6EF2DC48FC100CCEF9C /* Debug */,
				3F21C6F42DC48FC100CCEF9G /* Beta */,
				3F21C6F52DC48FC100CCEF9H /* QA */,
				3F21C6F62DC48FC100CCEF9I /* Prod */,
			);
			defaultConfigurationIsVisible = 0;
			defaultConfigurationName = Release;
		};
/* End XCConfigurationList section */
	};
	rootObject = 3F21C6DE2DC48FC100CCEF9C /* Project object */;
}
